
Microsoft Visual Studio Solution File, Format Version 12.00
# Visual Studio Version 17
VisualStudioVersion = 17.0.31903.59
MinimumVisualStudioVersion = 10.0.40219.1
Project("{FAE04EC0-301F-11D3-BF4B-00C04F79EFBC}") = "Tack4.1", "Tack4.1\Tack4.1.csproj", "{3DEF2D07-F6A8-49A6-A8EE-AB6F0682B46A}"
EndProject
Global
	GlobalSection(SolutionConfigurationPlatforms) = preSolution
		Debug|Any CPU = Debug|Any CPU
		Release|Any CPU = Release|Any CPU
	EndGlobalSection
	GlobalSection(ProjectConfigurationPlatforms) = postSolution
		{3DEF2D07-F6A8-49A6-A8EE-AB6F0682B46A}.Debug|Any CPU.ActiveCfg = Debug|Any CPU
		{3DEF2D07-F6A8-49A6-A8EE-AB6F0682B46A}.Debug|Any CPU.Build.0 = Debug|Any CPU
		{3DEF2D07-F6A8-49A6-A8EE-AB6F0682B46A}.Release|Any CPU.ActiveCfg = Release|Any CPU
		{3DEF2D07-F6A8-49A6-A8EE-AB6F0682B46A}.Release|Any CPU.Build.0 = Release|Any CPU
	EndGlobalSection
	GlobalSection(SolutionProperties) = preSolution
		HideSolutionNode = FALSE
	EndGlobalSection
	GlobalSection(ExtensibilityGlobals) = postSolution
		SolutionGuid = {8846B21C-296A-4BBD-A20E-C6B5CE1A88DF}
	EndGlobalSection
EndGlobal
